
Microsoft Visual Studio Solution File, Format Version 12.00
Project("{FAE04EC0-301F-11D3-BF4B-00C04F79EFBC}") = "BPhysics", "BPhysics.csproj", "{70F970D0-30BA-414A-87F3-6AB02CBECF0C}"
EndProject
Global
	GlobalSection(SolutionConfigurationPlatforms) = preSolution
		Debug|Any CPU = Debug|Any CPU
		Release|Any CPU = Release|Any CPU
	EndGlobalSection
	GlobalSection(ProjectConfigurationPlatforms) = postSolution
		{70F970D0-30BA-414A-87F3-6AB02CBECF0C}.Debug|Any CPU.ActiveCfg = Debug|Any CPU
		{70F970D0-30BA-414A-87F3-6AB02CBECF0C}.Debug|Any CPU.Build.0 = Debug|Any CPU
		{70F970D0-30BA-414A-87F3-6AB02CBECF0C}.Release|Any CPU.ActiveCfg = Release|Any CPU
		{70F970D0-30BA-414A-87F3-6AB02CBECF0C}.Release|Any CPU.Build.0 = Release|Any CPU
	EndGlobalSection
EndGlobal
